
Microsoft Visual Studio Solution File, Format Version 12.00
# Visual Studio Version 17
VisualStudioVersion = 17.11.35303.130
MinimumVisualStudioVersion = 10.0.40219.1
Project("{FAE04EC0-301F-11D3-BF4B-00C04F79EFBC}") = "pr.1.2", "pr.1.2\pr.1.2.csproj", "{3CA690AD-1B84-4903-B398-FFF97C372FB2}"
EndProject
Global
	GlobalSection(SolutionConfigurationPlatforms) = preSolution
		Debug|Any CPU = Debug|Any CPU
		Release|Any CPU = Release|Any CPU
	EndGlobalSection
	GlobalSection(ProjectConfigurationPlatforms) = postSolution
		{3CA690AD-1B84-4903-B398-FFF97C372FB2}.Debug|Any CPU.ActiveCfg = Debug|Any CPU
		{3CA690AD-1B84-4903-B398-FFF97C372FB2}.Debug|Any CPU.Build.0 = Debug|Any CPU
		{3CA690AD-1B84-4903-B398-FFF97C372FB2}.Release|Any CPU.ActiveCfg = Release|Any CPU
		{3CA690AD-1B84-4903-B398-FFF97C372FB2}.Release|Any CPU.Build.0 = Release|Any CPU
	EndGlobalSection
	GlobalSection(SolutionProperties) = preSolution
		HideSolutionNode = FALSE
	EndGlobalSection
	GlobalSection(ExtensibilityGlobals) = postSolution
		SolutionGuid = {CCDD7A3C-8229-496E-A92D-81D4734E0047}
	EndGlobalSection
EndGlobal
